
Microsoft Visual Studio Solution File, Format Version 12.00
# Visual Studio 15
VisualStudioVersion = 15.0.26124.0
MinimumVisualStudioVersion = 15.0.26124.0
Project("{2150E333-8FDC-42A3-9474-1A3956D46DE8}") = "src", "src", "{0B6AE36D-6A66-40D9-B866-549C3BF56C3D}"
EndProject
Project("{FAE04EC0-301F-11D3-BF4B-00C04F79EFBC}") = "EltradeCloud.Services.Ecr", "src\EltradeCloud.Services.Ecr\EltradeCloud.Services.Ecr.csproj", "{C0CBFDD6-8BBD-463D-80CA-5596F0CA4F89}"
EndProject
Project("{FAE04EC0-301F-11D3-BF4B-00C04F79EFBC}") = "EltradeCloud.Services.Items", "src\EltradeCloud.Services.Items\EltradeCloud.Services.Items.csproj", "{DA41DAEE-D771-4EDD-B80F-977A59E81595}"
EndProject
Project("{FAE04EC0-301F-11D3-BF4B-00C04F79EFBC}") = "EltradeCloud.Common", "src\EltradeCloud.Common\EltradeCloud.Common.csproj", "{740382B4-4917-42F3-87C1-AC6D3871BCA8}"
EndProject
Project("{FAE04EC0-301F-11D3-BF4B-00C04F79EFBC}") = "EltradeCloud.Services.Users", "src\EltradeCloud.Services.Users\EltradeCloud.Services.Users.csproj", "{CCC37126-745A-4E5C-99AE-E7BAECA49F73}"
EndProject
Project("{FAE04EC0-301F-11D3-BF4B-00C04F79EFBC}") = "EltradeCloud.Services.Reports", "src\EltradeCloud.Services.Reports\EltradeCloud.Services.Reports.csproj", "{68DDA2FF-A575-4C39-BCD3-3CFE89852617}"
EndProject
Project("{FAE04EC0-301F-11D3-BF4B-00C04F79EFBC}") = "EltradeCloud.Services.Identity", "src\EltradeCloud.Services.Identity\EltradeCloud.Services.Identity.csproj", "{3B557F14-2ABA-46A5-95CF-74A6707E0D88}"
EndProject
Project("{FAE04EC0-301F-11D3-BF4B-00C04F79EFBC}") = "EltradeCloud.GraphQLApi", "src\EltradeCloud.GraphQLApi\EltradeCloud.GraphQLApi.csproj", "{D1C30170-7852-4319-A6CE-D445828E3A8B}"
EndProject
Project("{FAE04EC0-301F-11D3-BF4B-00C04F79EFBC}") = "EltradeCloud.Services.Sales", "src\EltradeCloud.Services.Sales\EltradeCloud.Services.Sales.csproj", "{6FEDBA7A-8FCB-4783-8E55-59B9C7B486B6}"
EndProject
Project("{2150E333-8FDC-42A3-9474-1A3956D46DE8}") = "tests", "tests", "{C7D809CD-E6C7-4ED8-BD99-80965887DEB5}"
EndProject
Project("{FAE04EC0-301F-11D3-BF4B-00C04F79EFBC}") = "EltradeCloud.Services.Sales.Test", "tests\EltradeCloud.Services.Sales.Test\EltradeCloud.Services.Sales.Test.csproj", "{1FA653B0-3ADF-442D-9A5F-16B4D0C43D9A}"
EndProject
Project("{FAE04EC0-301F-11D3-BF4B-00C04F79EFBC}") = "EltradeCloud.Services.Users.Test", "tests\EltradeCloud.Services.Users.Test\EltradeCloud.Services.Users.Test.csproj", "{0651FFF0-EE73-4F0C-ACAD-2031E5695869}"
EndProject
Project("{FAE04EC0-301F-11D3-BF4B-00C04F79EFBC}") = "EltradeCloud.Services.Reports.Test", "tests\EltradeCloud.Services.Reports.Test\EltradeCloud.Services.Reports.Test.csproj", "{5ACBC4ED-C764-40B9-840D-31A307F10B0A}"
EndProject
Project("{FAE04EC0-301F-11D3-BF4B-00C04F79EFBC}") = "EltradeCloud.Services.Items.Test", "tests\EltradeCloud.Services.Items.Test\EltradeCloud.Services.Items.Test.csproj", "{0445E9F0-3CE1-4729-9D9B-57633872C3E6}"
EndProject
Project("{FAE04EC0-301F-11D3-BF4B-00C04F79EFBC}") = "EltradeCloud.Services.Identity.Test", "tests\EltradeCloud.Services.Identity.Test\EltradeCloud.Services.Identity.Test.csproj", "{654E0775-B183-403B-9649-9F4F6886FE1D}"
EndProject
Project("{FAE04EC0-301F-11D3-BF4B-00C04F79EFBC}") = "EltradeCloud.Services.Ecr.Test", "tests\EltradeCloud.Services.Ecr.Test\EltradeCloud.Services.Ecr.Test.csproj", "{EDBC0695-AF01-4394-996E-403CCE7FA742}"
EndProject
Project("{FAE04EC0-301F-11D3-BF4B-00C04F79EFBC}") = "EltradeCloud.GraphQLApi", "tests\EltradeCloud.GraphQLApi\EltradeCloud.GraphQLApi.csproj", "{9CEB1EFE-68F7-4946-9FFD-C414B00FFF02}"
EndProject
Global
	GlobalSection(SolutionConfigurationPlatforms) = preSolution
		Debug|Any CPU = Debug|Any CPU
		Debug|x64 = Debug|x64
		Debug|x86 = Debug|x86
		Release|Any CPU = Release|Any CPU
		Release|x64 = Release|x64
		Release|x86 = Release|x86
	EndGlobalSection
	GlobalSection(SolutionProperties) = preSolution
		HideSolutionNode = FALSE
	EndGlobalSection
	GlobalSection(ProjectConfigurationPlatforms) = postSolution
		{C0CBFDD6-8BBD-463D-80CA-5596F0CA4F89}.Debug|Any CPU.ActiveCfg = Debug|Any CPU
		{C0CBFDD6-8BBD-463D-80CA-5596F0CA4F89}.Debug|Any CPU.Build.0 = Debug|Any CPU
		{C0CBFDD6-8BBD-463D-80CA-5596F0CA4F89}.Debug|x64.ActiveCfg = Debug|x64
		{C0CBFDD6-8BBD-463D-80CA-5596F0CA4F89}.Debug|x64.Build.0 = Debug|x64
		{C0CBFDD6-8BBD-463D-80CA-5596F0CA4F89}.Debug|x86.ActiveCfg = Debug|x86
		{C0CBFDD6-8BBD-463D-80CA-5596F0CA4F89}.Debug|x86.Build.0 = Debug|x86
		{C0CBFDD6-8BBD-463D-80CA-5596F0CA4F89}.Release|Any CPU.ActiveCfg = Release|Any CPU
		{C0CBFDD6-8BBD-463D-80CA-5596F0CA4F89}.Release|Any CPU.Build.0 = Release|Any CPU
		{C0CBFDD6-8BBD-463D-80CA-5596F0CA4F89}.Release|x64.ActiveCfg = Release|x64
		{C0CBFDD6-8BBD-463D-80CA-5596F0CA4F89}.Release|x64.Build.0 = Release|x64
		{C0CBFDD6-8BBD-463D-80CA-5596F0CA4F89}.Release|x86.ActiveCfg = Release|x86
		{C0CBFDD6-8BBD-463D-80CA-5596F0CA4F89}.Release|x86.Build.0 = Release|x86
		{DA41DAEE-D771-4EDD-B80F-977A59E81595}.Debug|Any CPU.ActiveCfg = Debug|Any CPU
		{DA41DAEE-D771-4EDD-B80F-977A59E81595}.Debug|Any CPU.Build.0 = Debug|Any CPU
		{DA41DAEE-D771-4EDD-B80F-977A59E81595}.Debug|x64.ActiveCfg = Debug|x64
		{DA41DAEE-D771-4EDD-B80F-977A59E81595}.Debug|x64.Build.0 = Debug|x64
		{DA41DAEE-D771-4EDD-B80F-977A59E81595}.Debug|x86.ActiveCfg = Debug|x86
		{DA41DAEE-D771-4EDD-B80F-977A59E81595}.Debug|x86.Build.0 = Debug|x86
		{DA41DAEE-D771-4EDD-B80F-977A59E81595}.Release|Any CPU.ActiveCfg = Release|Any CPU
		{DA41DAEE-D771-4EDD-B80F-977A59E81595}.Release|Any CPU.Build.0 = Release|Any CPU
		{DA41DAEE-D771-4EDD-B80F-977A59E81595}.Release|x64.ActiveCfg = Release|x64
		{DA41DAEE-D771-4EDD-B80F-977A59E81595}.Release|x64.Build.0 = Release|x64
		{DA41DAEE-D771-4EDD-B80F-977A59E81595}.Release|x86.ActiveCfg = Release|x86
		{DA41DAEE-D771-4EDD-B80F-977A59E81595}.Release|x86.Build.0 = Release|x86
		{740382B4-4917-42F3-87C1-AC6D3871BCA8}.Debug|Any CPU.ActiveCfg = Debug|Any CPU
		{740382B4-4917-42F3-87C1-AC6D3871BCA8}.Debug|Any CPU.Build.0 = Debug|Any CPU
		{740382B4-4917-42F3-87C1-AC6D3871BCA8}.Debug|x64.ActiveCfg = Debug|x64
		{740382B4-4917-42F3-87C1-AC6D3871BCA8}.Debug|x64.Build.0 = Debug|x64
		{740382B4-4917-42F3-87C1-AC6D3871BCA8}.Debug|x86.ActiveCfg = Debug|x86
		{740382B4-4917-42F3-87C1-AC6D3871BCA8}.Debug|x86.Build.0 = Debug|x86
		{740382B4-4917-42F3-87C1-AC6D3871BCA8}.Release|Any CPU.ActiveCfg = Release|Any CPU
		{740382B4-4917-42F3-87C1-AC6D3871BCA8}.Release|Any CPU.Build.0 = Release|Any CPU
		{740382B4-4917-42F3-87C1-AC6D3871BCA8}.Release|x64.ActiveCfg = Release|x64
		{740382B4-4917-42F3-87C1-AC6D3871BCA8}.Release|x64.Build.0 = Release|x64
		{740382B4-4917-42F3-87C1-AC6D3871BCA8}.Release|x86.ActiveCfg = Release|x86
		{740382B4-4917-42F3-87C1-AC6D3871BCA8}.Release|x86.Build.0 = Release|x86
		{CCC37126-745A-4E5C-99AE-E7BAECA49F73}.Debug|Any CPU.ActiveCfg = Debug|Any CPU
		{CCC37126-745A-4E5C-99AE-E7BAECA49F73}.Debug|Any CPU.Build.0 = Debug|Any CPU
		{CCC37126-745A-4E5C-99AE-E7BAECA49F73}.Debug|x64.ActiveCfg = Debug|x64
		{CCC37126-745A-4E5C-99AE-E7BAECA49F73}.Debug|x64.Build.0 = Debug|x64
		{CCC37126-745A-4E5C-99AE-E7BAECA49F73}.Debug|x86.ActiveCfg = Debug|x86
		{CCC37126-745A-4E5C-99AE-E7BAECA49F73}.Debug|x86.Build.0 = Debug|x86
		{CCC37126-745A-4E5C-99AE-E7BAECA49F73}.Release|Any CPU.ActiveCfg = Release|Any CPU
		{CCC37126-745A-4E5C-99AE-E7BAECA49F73}.Release|Any CPU.Build.0 = Release|Any CPU
		{CCC37126-745A-4E5C-99AE-E7BAECA49F73}.Release|x64.ActiveCfg = Release|x64
		{CCC37126-745A-4E5C-99AE-E7BAECA49F73}.Release|x64.Build.0 = Release|x64
		{CCC37126-745A-4E5C-99AE-E7BAECA49F73}.Release|x86.ActiveCfg = Release|x86
		{CCC37126-745A-4E5C-99AE-E7BAECA49F73}.Release|x86.Build.0 = Release|x86
		{68DDA2FF-A575-4C39-BCD3-3CFE89852617}.Debug|Any CPU.ActiveCfg = Debug|Any CPU
		{68DDA2FF-A575-4C39-BCD3-3CFE89852617}.Debug|Any CPU.Build.0 = Debug|Any CPU
		{68DDA2FF-A575-4C39-BCD3-3CFE89852617}.Debug|x64.ActiveCfg = Debug|x64
		{68DDA2FF-A575-4C39-BCD3-3CFE89852617}.Debug|x64.Build.0 = Debug|x64
		{68DDA2FF-A575-4C39-BCD3-3CFE89852617}.Debug|x86.ActiveCfg = Debug|x86
		{68DDA2FF-A575-4C39-BCD3-3CFE89852617}.Debug|x86.Build.0 = Debug|x86
		{68DDA2FF-A575-4C39-BCD3-3CFE89852617}.Release|Any CPU.ActiveCfg = Release|Any CPU
		{68DDA2FF-A575-4C39-BCD3-3CFE89852617}.Release|Any CPU.Build.0 = Release|Any CPU
		{68DDA2FF-A575-4C39-BCD3-3CFE89852617}.Release|x64.ActiveCfg = Release|x64
		{68DDA2FF-A575-4C39-BCD3-3CFE89852617}.Release|x64.Build.0 = Release|x64
		{68DDA2FF-A575-4C39-BCD3-3CFE89852617}.Release|x86.ActiveCfg = Release|x86
		{68DDA2FF-A575-4C39-BCD3-3CFE89852617}.Release|x86.Build.0 = Release|x86
		{3B557F14-2ABA-46A5-95CF-74A6707E0D88}.Debug|Any CPU.ActiveCfg = Debug|Any CPU
		{3B557F14-2ABA-46A5-95CF-74A6707E0D88}.Debug|Any CPU.Build.0 = Debug|Any CPU
		{3B557F14-2ABA-46A5-95CF-74A6707E0D88}.Debug|x64.ActiveCfg = Debug|x64
		{3B557F14-2ABA-46A5-95CF-74A6707E0D88}.Debug|x64.Build.0 = Debug|x64
		{3B557F14-2ABA-46A5-95CF-74A6707E0D88}.Debug|x86.ActiveCfg = Debug|x86
		{3B557F14-2ABA-46A5-95CF-74A6707E0D88}.Debug|x86.Build.0 = Debug|x86
		{3B557F14-2ABA-46A5-95CF-74A6707E0D88}.Release|Any CPU.ActiveCfg = Release|Any CPU
		{3B557F14-2ABA-46A5-95CF-74A6707E0D88}.Release|Any CPU.Build.0 = Release|Any CPU
		{3B557F14-2ABA-46A5-95CF-74A6707E0D88}.Release|x64.ActiveCfg = Release|x64
		{3B557F14-2ABA-46A5-95CF-74A6707E0D88}.Release|x64.Build.0 = Release|x64
		{3B557F14-2ABA-46A5-95CF-74A6707E0D88}.Release|x86.ActiveCfg = Release|x86
		{3B557F14-2ABA-46A5-95CF-74A6707E0D88}.Release|x86.Build.0 = Release|x86
		{D1C30170-7852-4319-A6CE-D445828E3A8B}.Debug|Any CPU.ActiveCfg = Debug|Any CPU
		{D1C30170-7852-4319-A6CE-D445828E3A8B}.Debug|Any CPU.Build.0 = Debug|Any CPU
		{D1C30170-7852-4319-A6CE-D445828E3A8B}.Debug|x64.ActiveCfg = Debug|x64
		{D1C30170-7852-4319-A6CE-D445828E3A8B}.Debug|x64.Build.0 = Debug|x64
		{D1C30170-7852-4319-A6CE-D445828E3A8B}.Debug|x86.ActiveCfg = Debug|x86
		{D1C30170-7852-4319-A6CE-D445828E3A8B}.Debug|x86.Build.0 = Debug|x86
		{D1C30170-7852-4319-A6CE-D445828E3A8B}.Release|Any CPU.ActiveCfg = Release|Any CPU
		{D1C30170-7852-4319-A6CE-D445828E3A8B}.Release|Any CPU.Build.0 = Release|Any CPU
		{D1C30170-7852-4319-A6CE-D445828E3A8B}.Release|x64.ActiveCfg = Release|x64
		{D1C30170-7852-4319-A6CE-D445828E3A8B}.Release|x64.Build.0 = Release|x64
		{D1C30170-7852-4319-A6CE-D445828E3A8B}.Release|x86.ActiveCfg = Release|x86
		{D1C30170-7852-4319-A6CE-D445828E3A8B}.Release|x86.Build.0 = Release|x86
		{6FEDBA7A-8FCB-4783-8E55-59B9C7B486B6}.Debug|Any CPU.ActiveCfg = Debug|Any CPU
		{6FEDBA7A-8FCB-4783-8E55-59B9C7B486B6}.Debug|Any CPU.Build.0 = Debug|Any CPU
		{6FEDBA7A-8FCB-4783-8E55-59B9C7B486B6}.Debug|x64.ActiveCfg = Debug|x64
		{6FEDBA7A-8FCB-4783-8E55-59B9C7B486B6}.Debug|x64.Build.0 = Debug|x64
		{6FEDBA7A-8FCB-4783-8E55-59B9C7B486B6}.Debug|x86.ActiveCfg = Debug|x86
		{6FEDBA7A-8FCB-4783-8E55-59B9C7B486B6}.Debug|x86.Build.0 = Debug|x86
		{6FEDBA7A-8FCB-4783-8E55-59B9C7B486B6}.Release|Any CPU.ActiveCfg = Release|Any CPU
		{6FEDBA7A-8FCB-4783-8E55-59B9C7B486B6}.Release|Any CPU.Build.0 = Release|Any CPU
		{6FEDBA7A-8FCB-4783-8E55-59B9C7B486B6}.Release|x64.ActiveCfg = Release|x64
		{6FEDBA7A-8FCB-4783-8E55-59B9C7B486B6}.Release|x64.Build.0 = Release|x64
		{6FEDBA7A-8FCB-4783-8E55-59B9C7B486B6}.Release|x86.ActiveCfg = Release|x86
		{6FEDBA7A-8FCB-4783-8E55-59B9C7B486B6}.Release|x86.Build.0 = Release|x86
		{1FA653B0-3ADF-442D-9A5F-16B4D0C43D9A}.Debug|Any CPU.ActiveCfg = Debug|Any CPU
		{1FA653B0-3ADF-442D-9A5F-16B4D0C43D9A}.Debug|Any CPU.Build.0 = Debug|Any CPU
		{1FA653B0-3ADF-442D-9A5F-16B4D0C43D9A}.Debug|x64.ActiveCfg = Debug|x64
		{1FA653B0-3ADF-442D-9A5F-16B4D0C43D9A}.Debug|x64.Build.0 = Debug|x64
		{1FA653B0-3ADF-442D-9A5F-16B4D0C43D9A}.Debug|x86.ActiveCfg = Debug|x86
		{1FA653B0-3ADF-442D-9A5F-16B4D0C43D9A}.Debug|x86.Build.0 = Debug|x86
		{1FA653B0-3ADF-442D-9A5F-16B4D0C43D9A}.Release|Any CPU.ActiveCfg = Release|Any CPU
		{1FA653B0-3ADF-442D-9A5F-16B4D0C43D9A}.Release|Any CPU.Build.0 = Release|Any CPU
		{1FA653B0-3ADF-442D-9A5F-16B4D0C43D9A}.Release|x64.ActiveCfg = Release|x64
		{1FA653B0-3ADF-442D-9A5F-16B4D0C43D9A}.Release|x64.Build.0 = Release|x64
		{1FA653B0-3ADF-442D-9A5F-16B4D0C43D9A}.Release|x86.ActiveCfg = Release|x86
		{1FA653B0-3ADF-442D-9A5F-16B4D0C43D9A}.Release|x86.Build.0 = Release|x86
		{0651FFF0-EE73-4F0C-ACAD-2031E5695869}.Debug|Any CPU.ActiveCfg = Debug|Any CPU
		{0651FFF0-EE73-4F0C-ACAD-2031E5695869}.Debug|Any CPU.Build.0 = Debug|Any CPU
		{0651FFF0-EE73-4F0C-ACAD-2031E5695869}.Debug|x64.ActiveCfg = Debug|x64
		{0651FFF0-EE73-4F0C-ACAD-2031E5695869}.Debug|x64.Build.0 = Debug|x64
		{0651FFF0-EE73-4F0C-ACAD-2031E5695869}.Debug|x86.ActiveCfg = Debug|x86
		{0651FFF0-EE73-4F0C-ACAD-2031E5695869}.Debug|x86.Build.0 = Debug|x86
		{0651FFF0-EE73-4F0C-ACAD-2031E5695869}.Release|Any CPU.ActiveCfg = Release|Any CPU
		{0651FFF0-EE73-4F0C-ACAD-2031E5695869}.Release|Any CPU.Build.0 = Release|Any CPU
		{0651FFF0-EE73-4F0C-ACAD-2031E5695869}.Release|x64.ActiveCfg = Release|x64
		{0651FFF0-EE73-4F0C-ACAD-2031E5695869}.Release|x64.Build.0 = Release|x64
		{0651FFF0-EE73-4F0C-ACAD-2031E5695869}.Release|x86.ActiveCfg = Release|x86
		{0651FFF0-EE73-4F0C-ACAD-2031E5695869}.Release|x86.Build.0 = Release|x86
		{5ACBC4ED-C764-40B9-840D-31A307F10B0A}.Debug|Any CPU.ActiveCfg = Debug|Any CPU
		{5ACBC4ED-C764-40B9-840D-31A307F10B0A}.Debug|Any CPU.Build.0 = Debug|Any CPU
		{5ACBC4ED-C764-40B9-840D-31A307F10B0A}.Debug|x64.ActiveCfg = Debug|x64
		{5ACBC4ED-C764-40B9-840D-31A307F10B0A}.Debug|x64.Build.0 = Debug|x64
		{5ACBC4ED-C764-40B9-840D-31A307F10B0A}.Debug|x86.ActiveCfg = Debug|x86
		{5ACBC4ED-C764-40B9-840D-31A307F10B0A}.Debug|x86.Build.0 = Debug|x86
		{5ACBC4ED-C764-40B9-840D-31A307F10B0A}.Release|Any CPU.ActiveCfg = Release|Any CPU
		{5ACBC4ED-C764-40B9-840D-31A307F10B0A}.Release|Any CPU.Build.0 = Release|Any CPU
		{5ACBC4ED-C764-40B9-840D-31A307F10B0A}.Release|x64.ActiveCfg = Release|x64
		{5ACBC4ED-C764-40B9-840D-31A307F10B0A}.Release|x64.Build.0 = Release|x64
		{5ACBC4ED-C764-40B9-840D-31A307F10B0A}.Release|x86.ActiveCfg = Release|x86
		{5ACBC4ED-C764-40B9-840D-31A307F10B0A}.Release|x86.Build.0 = Release|x86
		{0445E9F0-3CE1-4729-9D9B-57633872C3E6}.Debug|Any CPU.ActiveCfg = Debug|Any CPU
		{0445E9F0-3CE1-4729-9D9B-57633872C3E6}.Debug|Any CPU.Build.0 = Debug|Any CPU
		{0445E9F0-3CE1-4729-9D9B-57633872C3E6}.Debug|x64.ActiveCfg = Debug|x64
		{0445E9F0-3CE1-4729-9D9B-57633872C3E6}.Debug|x64.Build.0 = Debug|x64
		{0445E9F0-3CE1-4729-9D9B-57633872C3E6}.Debug|x86.ActiveCfg = Debug|x86
		{0445E9F0-3CE1-4729-9D9B-57633872C3E6}.Debug|x86.Build.0 = Debug|x86
		{0445E9F0-3CE1-4729-9D9B-57633872C3E6}.Release|Any CPU.ActiveCfg = Release|Any CPU
		{0445E9F0-3CE1-4729-9D9B-57633872C3E6}.Release|Any CPU.Build.0 = Release|Any CPU
		{0445E9F0-3CE1-4729-9D9B-57633872C3E6}.Release|x64.ActiveCfg = Release|x64
		{0445E9F0-3CE1-4729-9D9B-57633872C3E6}.Release|x64.Build.0 = Release|x64
		{0445E9F0-3CE1-4729-9D9B-57633872C3E6}.Release|x86.ActiveCfg = Release|x86
		{0445E9F0-3CE1-4729-9D9B-57633872C3E6}.Release|x86.Build.0 = Release|x86
		{654E0775-B183-403B-9649-9F4F6886FE1D}.Debug|Any CPU.ActiveCfg = Debug|Any CPU
		{654E0775-B183-403B-9649-9F4F6886FE1D}.Debug|Any CPU.Build.0 = Debug|Any CPU
		{654E0775-B183-403B-9649-9F4F6886FE1D}.Debug|x64.ActiveCfg = Debug|x64
		{654E0775-B183-403B-9649-9F4F6886FE1D}.Debug|x64.Build.0 = Debug|x64
		{654E0775-B183-403B-9649-9F4F6886FE1D}.Debug|x86.ActiveCfg = Debug|x86
		{654E0775-B183-403B-9649-9F4F6886FE1D}.Debug|x86.Build.0 = Debug|x86
		{654E0775-B183-403B-9649-9F4F6886FE1D}.Release|Any CPU.ActiveCfg = Release|Any CPU
		{654E0775-B183-403B-9649-9F4F6886FE1D}.Release|Any CPU.Build.0 = Release|Any CPU
		{654E0775-B183-403B-9649-9F4F6886FE1D}.Release|x64.ActiveCfg = Release|x64
		{654E0775-B183-403B-9649-9F4F6886FE1D}.Release|x64.Build.0 = Release|x64
		{654E0775-B183-403B-9649-9F4F6886FE1D}.Release|x86.ActiveCfg = Release|x86
		{654E0775-B183-403B-9649-9F4F6886FE1D}.Release|x86.Build.0 = Release|x86
		{EDBC0695-AF01-4394-996E-403CCE7FA742}.Debug|Any CPU.ActiveCfg = Debug|Any CPU
		{EDBC0695-AF01-4394-996E-403CCE7FA742}.Debug|Any CPU.Build.0 = Debug|Any CPU
		{EDBC0695-AF01-4394-996E-403CCE7FA742}.Debug|x64.ActiveCfg = Debug|x64
		{EDBC0695-AF01-4394-996E-403CCE7FA742}.Debug|x64.Build.0 = Debug|x64
		{EDBC0695-AF01-4394-996E-403CCE7FA742}.Debug|x86.ActiveCfg = Debug|x86
		{EDBC0695-AF01-4394-996E-403CCE7FA742}.Debug|x86.Build.0 = Debug|x86
		{EDBC0695-AF01-4394-996E-403CCE7FA742}.Release|Any CPU.ActiveCfg = Release|Any CPU
		{EDBC0695-AF01-4394-996E-403CCE7FA742}.Release|Any CPU.Build.0 = Release|Any CPU
		{EDBC0695-AF01-4394-996E-403CCE7FA742}.Release|x64.ActiveCfg = Release|x64
		{EDBC0695-AF01-4394-996E-403CCE7FA742}.Release|x64.Build.0 = Release|x64
		{EDBC0695-AF01-4394-996E-403CCE7FA742}.Release|x86.ActiveCfg = Release|x86
		{EDBC0695-AF01-4394-996E-403CCE7FA742}.Release|x86.Build.0 = Release|x86
		{9CEB1EFE-68F7-4946-9FFD-C414B00FFF02}.Debug|Any CPU.ActiveCfg = Debug|Any CPU
		{9CEB1EFE-68F7-4946-9FFD-C414B00FFF02}.Debug|Any CPU.Build.0 = Debug|Any CPU
		{9CEB1EFE-68F7-4946-9FFD-C414B00FFF02}.Debug|x64.ActiveCfg = Debug|x64
		{9CEB1EFE-68F7-4946-9FFD-C414B00FFF02}.Debug|x64.Build.0 = Debug|x64
		{9CEB1EFE-68F7-4946-9FFD-C414B00FFF02}.Debug|x86.ActiveCfg = Debug|x86
		{9CEB1EFE-68F7-4946-9FFD-C414B00FFF02}.Debug|x86.Build.0 = Debug|x86
		{9CEB1EFE-68F7-4946-9FFD-C414B00FFF02}.Release|Any CPU.ActiveCfg = Release|Any CPU
		{9CEB1EFE-68F7-4946-9FFD-C414B00FFF02}.Release|Any CPU.Build.0 = Release|Any CPU
		{9CEB1EFE-68F7-4946-9FFD-C414B00FFF02}.Release|x64.ActiveCfg = Release|x64
		{9CEB1EFE-68F7-4946-9FFD-C414B00FFF02}.Release|x64.Build.0 = Release|x64
		{9CEB1EFE-68F7-4946-9FFD-C414B00FFF02}.Release|x86.ActiveCfg = Release|x86
		{9CEB1EFE-68F7-4946-9FFD-C414B00FFF02}.Release|x86.Build.0 = Release|x86
	EndGlobalSection
	GlobalSection(NestedProjects) = preSolution
		{C0CBFDD6-8BBD-463D-80CA-5596F0CA4F89} = {0B6AE36D-6A66-40D9-B866-549C3BF56C3D}
		{DA41DAEE-D771-4EDD-B80F-977A59E81595} = {0B6AE36D-6A66-40D9-B866-549C3BF56C3D}
		{740382B4-4917-42F3-87C1-AC6D3871BCA8} = {0B6AE36D-6A66-40D9-B866-549C3BF56C3D}
		{CCC37126-745A-4E5C-99AE-E7BAECA49F73} = {0B6AE36D-6A66-40D9-B866-549C3BF56C3D}
		{68DDA2FF-A575-4C39-BCD3-3CFE89852617} = {0B6AE36D-6A66-40D9-B866-549C3BF56C3D}
		{3B557F14-2ABA-46A5-95CF-74A6707E0D88} = {0B6AE36D-6A66-40D9-B866-549C3BF56C3D}
		{D1C30170-7852-4319-A6CE-D445828E3A8B} = {0B6AE36D-6A66-40D9-B866-549C3BF56C3D}
		{6FEDBA7A-8FCB-4783-8E55-59B9C7B486B6} = {0B6AE36D-6A66-40D9-B866-549C3BF56C3D}
		{1FA653B0-3ADF-442D-9A5F-16B4D0C43D9A} = {C7D809CD-E6C7-4ED8-BD99-80965887DEB5}
		{0651FFF0-EE73-4F0C-ACAD-2031E5695869} = {C7D809CD-E6C7-4ED8-BD99-80965887DEB5}
		{5ACBC4ED-C764-40B9-840D-31A307F10B0A} = {C7D809CD-E6C7-4ED8-BD99-80965887DEB5}
		{0445E9F0-3CE1-4729-9D9B-57633872C3E6} = {C7D809CD-E6C7-4ED8-BD99-80965887DEB5}
		{654E0775-B183-403B-9649-9F4F6886FE1D} = {C7D809CD-E6C7-4ED8-BD99-80965887DEB5}
		{EDBC0695-AF01-4394-996E-403CCE7FA742} = {C7D809CD-E6C7-4ED8-BD99-80965887DEB5}
		{9CEB1EFE-68F7-4946-9FFD-C414B00FFF02} = {C7D809CD-E6C7-4ED8-BD99-80965887DEB5}
	EndGlobalSection
EndGlobal
